
Microsoft Visual Studio Solution File, Format Version 12.00
# Visual Studio 15
VisualStudioVersion = 15.0.28307.645
MinimumVisualStudioVersion = 10.0.40219.1
Project("{FAE04EC0-301F-11D3-BF4B-00C04F79EFBC}") = "TravelRecordApp2.Android", "TravelRecordApp2\TravelRecordApp2.Android\TravelRecordApp2.Android.csproj", "{4A5A1E4B-3B83-48F3-9051-7653E4B82D81}"
EndProject
Project("{FAE04EC0-301F-11D3-BF4B-00C04F79EFBC}") = "TravelRecordApp2.iOS", "TravelRecordApp2\TravelRecordApp2.iOS\TravelRecordApp2.iOS.csproj", "{C2729095-976A-4049-BDEC-BFF2E91A6318}"
EndProject
Project("{FAE04EC0-301F-11D3-BF4B-00C04F79EFBC}") = "TravelRecordApp2", "TravelRecordApp2\TravelRecordApp2\TravelRecordApp2.csproj", "{F073C847-09CD-4899-8B9F-343A38AB282D}"
EndProject
Global
	GlobalSection(SolutionConfigurationPlatforms) = preSolution
		Ad-Hoc|Any CPU = Ad-Hoc|Any CPU
		Ad-Hoc|iPhone = Ad-Hoc|iPhone
		Ad-Hoc|iPhoneSimulator = Ad-Hoc|iPhoneSimulator
		AppStore|Any CPU = AppStore|Any CPU
		AppStore|iPhone = AppStore|iPhone
		AppStore|iPhoneSimulator = AppStore|iPhoneSimulator
		Debug|Any CPU = Debug|Any CPU
		Debug|iPhone = Debug|iPhone
		Debug|iPhoneSimulator = Debug|iPhoneSimulator
		Release|Any CPU = Release|Any CPU
		Release|iPhone = Release|iPhone
		Release|iPhoneSimulator = Release|iPhoneSimulator
	EndGlobalSection
	GlobalSection(ProjectConfigurationPlatforms) = postSolution
		{4A5A1E4B-3B83-48F3-9051-7653E4B82D81}.Ad-Hoc|Any CPU.ActiveCfg = Release|Any CPU
		{4A5A1E4B-3B83-48F3-9051-7653E4B82D81}.Ad-Hoc|Any CPU.Build.0 = Release|Any CPU
		{4A5A1E4B-3B83-48F3-9051-7653E4B82D81}.Ad-Hoc|Any CPU.Deploy.0 = Release|Any CPU
		{4A5A1E4B-3B83-48F3-9051-7653E4B82D81}.Ad-Hoc|iPhone.ActiveCfg = Release|Any CPU
		{4A5A1E4B-3B83-48F3-9051-7653E4B82D81}.Ad-Hoc|iPhone.Build.0 = Release|Any CPU
		{4A5A1E4B-3B83-48F3-9051-7653E4B82D81}.Ad-Hoc|iPhone.Deploy.0 = Release|Any CPU
		{4A5A1E4B-3B83-48F3-9051-7653E4B82D81}.Ad-Hoc|iPhoneSimulator.ActiveCfg = Release|Any CPU
		{4A5A1E4B-3B83-48F3-9051-7653E4B82D81}.Ad-Hoc|iPhoneSimulator.Build.0 = Release|Any CPU
		{4A5A1E4B-3B83-48F3-9051-7653E4B82D81}.Ad-Hoc|iPhoneSimulator.Deploy.0 = Release|Any CPU
		{4A5A1E4B-3B83-48F3-9051-7653E4B82D81}.AppStore|Any CPU.ActiveCfg = Release|Any CPU
		{4A5A1E4B-3B83-48F3-9051-7653E4B82D81}.AppStore|Any CPU.Build.0 = Release|Any CPU
		{4A5A1E4B-3B83-48F3-9051-7653E4B82D81}.AppStore|Any CPU.Deploy.0 = Release|Any CPU
		{4A5A1E4B-3B83-48F3-9051-7653E4B82D81}.AppStore|iPhone.ActiveCfg = Release|Any CPU
		{4A5A1E4B-3B83-48F3-9051-7653E4B82D81}.AppStore|iPhone.Build.0 = Release|Any CPU
		{4A5A1E4B-3B83-48F3-9051-7653E4B82D81}.AppStore|iPhone.Deploy.0 = Release|Any CPU
		{4A5A1E4B-3B83-48F3-9051-7653E4B82D81}.AppStore|iPhoneSimulator.ActiveCfg = Release|Any CPU
		{4A5A1E4B-3B83-48F3-9051-7653E4B82D81}.AppStore|iPhoneSimulator.Build.0 = Release|Any CPU
		{4A5A1E4B-3B83-48F3-9051-7653E4B82D81}.AppStore|iPhoneSimulator.Deploy.0 = Release|Any CPU
		{4A5A1E4B-3B83-48F3-9051-7653E4B82D81}.Debug|Any CPU.ActiveCfg = Debug|Any CPU
		{4A5A1E4B-3B83-48F3-9051-7653E4B82D81}.Debug|Any CPU.Build.0 = Debug|Any CPU
		{4A5A1E4B-3B83-48F3-9051-7653E4B82D81}.Debug|Any CPU.Deploy.0 = Debug|Any CPU
		{4A5A1E4B-3B83-48F3-9051-7653E4B82D81}.Debug|iPhone.ActiveCfg = Debug|Any CPU
		{4A5A1E4B-3B83-48F3-9051-7653E4B82D81}.Debug|iPhone.Build.0 = Debug|Any CPU
		{4A5A1E4B-3B83-48F3-9051-7653E4B82D81}.Debug|iPhone.Deploy.0 = Debug|Any CPU
		{4A5A1E4B-3B83-48F3-9051-7653E4B82D81}.Debug|iPhoneSimulator.ActiveCfg = Debug|Any CPU
		{4A5A1E4B-3B83-48F3-9051-7653E4B82D81}.Debug|iPhoneSimulator.Build.0 = Debug|Any CPU
		{4A5A1E4B-3B83-48F3-9051-7653E4B82D81}.Debug|iPhoneSimulator.Deploy.0 = Debug|Any CPU
		{4A5A1E4B-3B83-48F3-9051-7653E4B82D81}.Release|Any CPU.ActiveCfg = Release|Any CPU
		{4A5A1E4B-3B83-48F3-9051-7653E4B82D81}.Release|Any CPU.Build.0 = Release|Any CPU
		{4A5A1E4B-3B83-48F3-9051-7653E4B82D81}.Release|Any CPU.Deploy.0 = Release|Any CPU
		{4A5A1E4B-3B83-48F3-9051-7653E4B82D81}.Release|iPhone.ActiveCfg = Release|Any CPU
		{4A5A1E4B-3B83-48F3-9051-7653E4B82D81}.Release|iPhone.Build.0 = Release|Any CPU
		{4A5A1E4B-3B83-48F3-9051-7653E4B82D81}.Release|iPhone.Deploy.0 = Release|Any CPU
		{4A5A1E4B-3B83-48F3-9051-7653E4B82D81}.Release|iPhoneSimulator.ActiveCfg = Release|Any CPU
		{4A5A1E4B-3B83-48F3-9051-7653E4B82D81}.Release|iPhoneSimulator.Build.0 = Release|Any CPU
		{4A5A1E4B-3B83-48F3-9051-7653E4B82D81}.Release|iPhoneSimulator.Deploy.0 = Release|Any CPU
		{C2729095-976A-4049-BDEC-BFF2E91A6318}.Ad-Hoc|Any CPU.ActiveCfg = Ad-Hoc|iPhone
		{C2729095-976A-4049-BDEC-BFF2E91A6318}.Ad-Hoc|Any CPU.Build.0 = Ad-Hoc|iPhone
		{C2729095-976A-4049-BDEC-BFF2E91A6318}.Ad-Hoc|Any CPU.Deploy.0 = Ad-Hoc|iPhone
		{C2729095-976A-4049-BDEC-BFF2E91A6318}.Ad-Hoc|iPhone.ActiveCfg = Ad-Hoc|iPhone
		{C2729095-976A-4049-BDEC-BFF2E91A6318}.Ad-Hoc|iPhone.Build.0 = Ad-Hoc|iPhone
		{C2729095-976A-4049-BDEC-BFF2E91A6318}.Ad-Hoc|iPhone.Deploy.0 = Ad-Hoc|iPhone
		{C2729095-976A-4049-BDEC-BFF2E91A6318}.Ad-Hoc|iPhoneSimulator.ActiveCfg = Ad-Hoc|iPhoneSimulator
		{C2729095-976A-4049-BDEC-BFF2E91A6318}.Ad-Hoc|iPhoneSimulator.Build.0 = Ad-Hoc|iPhoneSimulator
		{C2729095-976A-4049-BDEC-BFF2E91A6318}.Ad-Hoc|iPhoneSimulator.Deploy.0 = Ad-Hoc|iPhoneSimulator
		{C2729095-976A-4049-BDEC-BFF2E91A6318}.AppStore|Any CPU.ActiveCfg = AppStore|iPhone
		{C2729095-976A-4049-BDEC-BFF2E91A6318}.AppStore|Any CPU.Build.0 = AppStore|iPhone
		{C2729095-976A-4049-BDEC-BFF2E91A6318}.AppStore|Any CPU.Deploy.0 = AppStore|iPhone
		{C2729095-976A-4049-BDEC-BFF2E91A6318}.AppStore|iPhone.ActiveCfg = AppStore|iPhone
		{C2729095-976A-4049-BDEC-BFF2E91A6318}.AppStore|iPhone.Build.0 = AppStore|iPhone
		{C2729095-976A-4049-BDEC-BFF2E91A6318}.AppStore|iPhone.Deploy.0 = AppStore|iPhone
		{C2729095-976A-4049-BDEC-BFF2E91A6318}.AppStore|iPhoneSimulator.ActiveCfg = AppStore|iPhoneSimulator
		{C2729095-976A-4049-BDEC-BFF2E91A6318}.AppStore|iPhoneSimulator.Build.0 = AppStore|iPhoneSimulator
		{C2729095-976A-4049-BDEC-BFF2E91A6318}.AppStore|iPhoneSimulator.Deploy.0 = AppStore|iPhoneSimulator
		{C2729095-976A-4049-BDEC-BFF2E91A6318}.Debug|Any CPU.ActiveCfg = Debug|iPhoneSimulator
		{C2729095-976A-4049-BDEC-BFF2E91A6318}.Debug|Any CPU.Build.0 = Debug|iPhoneSimulator
		{C2729095-976A-4049-BDEC-BFF2E91A6318}.Debug|Any CPU.Deploy.0 = Debug|iPhoneSimulator
		{C2729095-976A-4049-BDEC-BFF2E91A6318}.Debug|iPhone.ActiveCfg = Debug|iPhone
		{C2729095-976A-4049-BDEC-BFF2E91A6318}.Debug|iPhone.Build.0 = Debug|iPhone
		{C2729095-976A-4049-BDEC-BFF2E91A6318}.Debug|iPhone.Deploy.0 = Debug|iPhone
		{C2729095-976A-4049-BDEC-BFF2E91A6318}.Debug|iPhoneSimulator.ActiveCfg = Debug|iPhoneSimulator
		{C2729095-976A-4049-BDEC-BFF2E91A6318}.Debug|iPhoneSimulator.Build.0 = Debug|iPhoneSimulator
		{C2729095-976A-4049-BDEC-BFF2E91A6318}.Debug|iPhoneSimulator.Deploy.0 = Debug|iPhoneSimulator
		{C2729095-976A-4049-BDEC-BFF2E91A6318}.Release|Any CPU.ActiveCfg = Release|iPhone
		{C2729095-976A-4049-BDEC-BFF2E91A6318}.Release|Any CPU.Build.0 = Release|iPhone
		{C2729095-976A-4049-BDEC-BFF2E91A6318}.Release|Any CPU.Deploy.0 = Release|iPhone
		{C2729095-976A-4049-BDEC-BFF2E91A6318}.Release|iPhone.ActiveCfg = Release|iPhone
		{C2729095-976A-4049-BDEC-BFF2E91A6318}.Release|iPhone.Build.0 = Release|iPhone
		{C2729095-976A-4049-BDEC-BFF2E91A6318}.Release|iPhone.Deploy.0 = Release|iPhone
		{C2729095-976A-4049-BDEC-BFF2E91A6318}.Release|iPhoneSimulator.ActiveCfg = Release|iPhoneSimulator
		{C2729095-976A-4049-BDEC-BFF2E91A6318}.Release|iPhoneSimulator.Build.0 = Release|iPhoneSimulator
		{C2729095-976A-4049-BDEC-BFF2E91A6318}.Release|iPhoneSimulator.Deploy.0 = Release|iPhoneSimulator
		{F073C847-09CD-4899-8B9F-343A38AB282D}.Ad-Hoc|Any CPU.ActiveCfg = Debug|Any CPU
		{F073C847-09CD-4899-8B9F-343A38AB282D}.Ad-Hoc|Any CPU.Build.0 = Debug|Any CPU
		{F073C847-09CD-4899-8B9F-343A38AB282D}.Ad-Hoc|Any CPU.Deploy.0 = Debug|Any CPU
		{F073C847-09CD-4899-8B9F-343A38AB282D}.Ad-Hoc|iPhone.ActiveCfg = Debug|Any CPU
		{F073C847-09CD-4899-8B9F-343A38AB282D}.Ad-Hoc|iPhone.Build.0 = Debug|Any CPU
		{F073C847-09CD-4899-8B9F-343A38AB282D}.Ad-Hoc|iPhone.Deploy.0 = Debug|Any CPU
		{F073C847-09CD-4899-8B9F-343A38AB282D}.Ad-Hoc|iPhoneSimulator.ActiveCfg = Debug|Any CPU
		{F073C847-09CD-4899-8B9F-343A38AB282D}.Ad-Hoc|iPhoneSimulator.Build.0 = Debug|Any CPU
		{F073C847-09CD-4899-8B9F-343A38AB282D}.Ad-Hoc|iPhoneSimulator.Deploy.0 = Debug|Any CPU
		{F073C847-09CD-4899-8B9F-343A38AB282D}.AppStore|Any CPU.ActiveCfg = Debug|Any CPU
		{F073C847-09CD-4899-8B9F-343A38AB282D}.AppStore|Any CPU.Build.0 = Debug|Any CPU
		{F073C847-09CD-4899-8B9F-343A38AB282D}.AppStore|Any CPU.Deploy.0 = Debug|Any CPU
		{F073C847-09CD-4899-8B9F-343A38AB282D}.AppStore|iPhone.ActiveCfg = Debug|Any CPU
		{F073C847-09CD-4899-8B9F-343A38AB282D}.AppStore|iPhone.Build.0 = Debug|Any CPU
		{F073C847-09CD-4899-8B9F-343A38AB282D}.AppStore|iPhone.Deploy.0 = Debug|Any CPU
		{F073C847-09CD-4899-8B9F-343A38AB282D}.AppStore|iPhoneSimulator.ActiveCfg = Debug|Any CPU
		{F073C847-09CD-4899-8B9F-343A38AB282D}.AppStore|iPhoneSimulator.Build.0 = Debug|Any CPU
		{F073C847-09CD-4899-8B9F-343A38AB282D}.AppStore|iPhoneSimulator.Deploy.0 = Debug|Any CPU
		{F073C847-09CD-4899-8B9F-343A38AB282D}.Debug|Any CPU.ActiveCfg = Debug|Any CPU
		{F073C847-09CD-4899-8B9F-343A38AB282D}.Debug|Any CPU.Build.0 = Debug|Any CPU
		{F073C847-09CD-4899-8B9F-343A38AB282D}.Debug|Any CPU.Deploy.0 = Debug|Any CPU
		{F073C847-09CD-4899-8B9F-343A38AB282D}.Debug|iPhone.ActiveCfg = Debug|Any CPU
		{F073C847-09CD-4899-8B9F-343A38AB282D}.Debug|iPhone.Build.0 = Debug|Any CPU
		{F073C847-09CD-4899-8B9F-343A38AB282D}.Debug|iPhone.Deploy.0 = Debug|Any CPU
		{F073C847-09CD-4899-8B9F-343A38AB282D}.Debug|iPhoneSimulator.ActiveCfg = Debug|Any CPU
		{F073C847-09CD-4899-8B9F-343A38AB282D}.Debug|iPhoneSimulator.Build.0 = Debug|Any CPU
		{F073C847-09CD-4899-8B9F-343A38AB282D}.Debug|iPhoneSimulator.Deploy.0 = Debug|Any CPU
		{F073C847-09CD-4899-8B9F-343A38AB282D}.Release|Any CPU.ActiveCfg = Release|Any CPU
		{F073C847-09CD-4899-8B9F-343A38AB282D}.Release|Any CPU.Build.0 = Release|Any CPU
		{F073C847-09CD-4899-8B9F-343A38AB282D}.Release|Any CPU.Deploy.0 = Release|Any CPU
		{F073C847-09CD-4899-8B9F-343A38AB282D}.Release|iPhone.ActiveCfg = Release|Any CPU
		{F073C847-09CD-4899-8B9F-343A38AB282D}.Release|iPhone.Build.0 = Release|Any CPU
		{F073C847-09CD-4899-8B9F-343A38AB282D}.Release|iPhone.Deploy.0 = Release|Any CPU
		{F073C847-09CD-4899-8B9F-343A38AB282D}.Release|iPhoneSimulator.ActiveCfg = Release|Any CPU
		{F073C847-09CD-4899-8B9F-343A38AB282D}.Release|iPhoneSimulator.Build.0 = Release|Any CPU
		{F073C847-09CD-4899-8B9F-343A38AB282D}.Release|iPhoneSimulator.Deploy.0 = Release|Any CPU
	EndGlobalSection
	GlobalSection(SolutionProperties) = preSolution
		HideSolutionNode = FALSE
	EndGlobalSection
	GlobalSection(ExtensibilityGlobals) = postSolution
		SolutionGuid = {2C36C17E-3F75-4977-BB78-8E76CDDC8C16}
	EndGlobalSection
EndGlobal
